
Microsoft Visual Studio Solution File, Format Version 12.00
# Visual Studio 14
VisualStudioVersion = 14.0.23107.0
MinimumVisualStudioVersion = 10.0.40219.1
Project("{FAE04EC0-301F-11D3-BF4B-00C04F79EFBC}") = "rad301-ca2-S00140633", "rad301-ca2-S00140633\rad301-ca2-S00140633.csproj", "{6DC48156-BAAA-4B5F-AD7C-6228A0380785}"
EndProject
Global
	GlobalSection(SolutionConfigurationPlatforms) = preSolution
		Debug|Any CPU = Debug|Any CPU
		Release|Any CPU = Release|Any CPU
	EndGlobalSection
	GlobalSection(ProjectConfigurationPlatforms) = postSolution
		{6DC48156-BAAA-4B5F-AD7C-6228A0380785}.Debug|Any CPU.ActiveCfg = Debug|Any CPU
		{6DC48156-BAAA-4B5F-AD7C-6228A0380785}.Debug|Any CPU.Build.0 = Debug|Any CPU
		{6DC48156-BAAA-4B5F-AD7C-6228A0380785}.Release|Any CPU.ActiveCfg = Release|Any CPU
		{6DC48156-BAAA-4B5F-AD7C-6228A0380785}.Release|Any CPU.Build.0 = Release|Any CPU
	EndGlobalSection
	GlobalSection(SolutionProperties) = preSolution
		HideSolutionNode = FALSE
	EndGlobalSection
EndGlobal
